# This file is automatically @generated by Cargo.
# It is not intended for manual editing.
version = 4

[[package]]
name = "aho-corasick"
version = "1.1.4"
source = "registry+https://github.com/rust-lang/crates.io-index"
checksum = "ddd31a130427c27518df266943a5308ed92d4b226cc639f5a8f1002816174301"
dependencies = [
 "memchr",
]

[[package]]
name = "arrayvec"
version = "0.7.8"
source = "registry+https://github.com/rust-lang/crates.io-index"
checksum = "d3fb67a6e08acf24fdeccbac2cb6ac4305825bd1f117462e0e6f2f193345ad56"

[[package]]
name = "ascii-canvas"
version = "4.0.0"
source = "registry+https://github.com/rust-lang/crates.io-index"
checksum = "ef1e3e699d84ab1b0911a1010c5c106aa34ae89aeac103be5ce0c3859db1e891"
dependencies = [
 "term",
]

[[package]]
name = "atomic-polyfill"
version = "1.0.3"
source = "registry+https://github.com/rust-lang/crates.io-index"
checksum = "8cf2bce30dfe09ef0bfaef228b9d414faaf7e563035494d7fe092dba54b300f4"
dependencies = [
 "critical-section",
]

[[package]]
name = "autocfg"
version = "1.5.1"
source = "registry+https://github.com/rust-lang/crates.io-index"
checksum = "f2032f911046de80f0a198e0901378627c33f59ea0ac00e363d481118bd70a53"

[[package]]
name = "az"
version = "1.3.0"
source = "registry+https://github.com/rust-lang/crates.io-index"
checksum = "be5eb007b7cacc6c660343e96f650fedf4b5a77512399eb952ca6642cf8d13f7"

[[package]]
name = "bare-metal"
version = "0.2.5"
source = "registry+https://github.com/rust-lang/crates.io-index"
checksum = "5deb64efa5bd81e31fcd1938615a6d98c82eafcbcd787162b6f63b91d6bac5b3"
dependencies = [
 "rustc_version",
]

[[package]]
name = "bit-set"
version = "0.8.0"
source = "registry+https://github.com/rust-lang/crates.io-index"
checksum = "08807e080ed7f9d5433fa9b275196cfc35414f66a0c79d864dc51a0d825231a3"
dependencies = [
 "bit-vec",
]

[[package]]
name = "bit-vec"
version = "0.8.0"
source = "registry+https://github.com/rust-lang/crates.io-index"
checksum = "5e764a1d40d510daf35e07be9eb06e75770908c27d411ee6c92109c9840eaaf7"

[[package]]
name = "bitfield"
version = "0.13.2"
source = "registry+https://github.com/rust-lang/crates.io-index"
checksum = "46afbd2983a5d5a7bd740ccb198caf5b82f45c40c09c0eed36052d91cb92e719"

[[package]]
name = "bitflags"
version = "1.3.2"
source = "registry+https://github.com/rust-lang/crates.io-index"
checksum = "bef38d45163c2f1dde094a7dfd33ccf595c92905c8f8f4fdc18d06fb1037718a"

[[package]]
name = "bitflags"
version = "2.13.0"
source = "registry+https://github.com/rust-lang/crates.io-index"
checksum = "b4388bee8683e3d04af747c73422af53102d2bd24d9eadb6cbc100baef4b43f8"

[[package]]
name = "block-buffer"
version = "0.10.4"
source = "registry+https://github.com/rust-lang/crates.io-index"
checksum = "3078c7629b62d3f0439517fa394996acacc5cbc91c5a20d8c658e77abd503a71"
dependencies = [
 "generic-array",
]

[[package]]
name = "bytemuck"
version = "1.25.1"
source = "registry+https://github.com/rust-lang/crates.io-index"
checksum = "d6aedf8ae72766347502cf3cb4f41cf5e9cc37d28bee90f1fdaaae15f9cf9424"

[[package]]
name = "byteorder"
version = "1.5.0"
source = "registry+https://github.com/rust-lang/crates.io-index"
checksum = "1fd0f2584146f6f2ef48085050886acf353beff7305ebd1ae69500e27c67f64b"

[[package]]
name = "cfg-if"
version = "1.0.4"
source = "registry+https://github.com/rust-lang/crates.io-index"
checksum = "9330f8b2ff13f34540b44e946ef35111825727b38d33286ef986142615121801"

[[package]]
name = "codespan-reporting"
version = "0.11.1"
source = "registry+https://github.com/rust-lang/crates.io-index"
checksum = "3538270d33cc669650c4b093848450d380def10c331d38c768e34cac80576e6e"
dependencies = [
 "termcolor",
 "unicode-width",
]

[[package]]
name = "const-sha1"
version = "0.3.0"
source = "registry+https://github.com/rust-lang/crates.io-index"
checksum = "0d8a42181e0652c2997ae4d217f25b63c5337a52fd2279736e97b832fa0a3cff"

[[package]]
name = "cortex-m"
version = "0.7.7"
source = "registry+https://github.com/rust-lang/crates.io-index"
checksum = "8ec610d8f49840a5b376c69663b6369e71f4b34484b9b2eb29fb918d92516cb9"
dependencies = [
 "bare-metal",
 "bitfield",
 "embedded-hal 0.2.7",
 "volatile-register",
]

[[package]]
name = "cortex-m-rt"
version = "0.7.5"
source = "registry+https://github.com/rust-lang/crates.io-index"
checksum = "801d4dec46b34c299ccf6b036717ae0fce602faa4f4fe816d9013b9a7c9f5ba6"
dependencies = [
 "cortex-m-rt-macros",
]

[[package]]
name = "cortex-m-rt-macros"
version = "0.7.5"
source = "registry+https://github.com/rust-lang/crates.io-index"
checksum = "e37549a379a9e0e6e576fd208ee60394ccb8be963889eebba3ffe0980364f472"
dependencies = [
 "proc-macro2",
 "quote",
 "syn 2.0.119",
]

[[package]]
name = "cpufeatures"
version = "0.2.17"
source = "registry+https://github.com/rust-lang/crates.io-index"
checksum = "59ed5838eebb26a2bb2e58f6d5b5316989ae9d08bab10e0e6d103e656d1b0280"
dependencies = [
 "libc",
]

[[package]]
name = "crc-any"
version = "2.5.1"
source = "registry+https://github.com/rust-lang/crates.io-index"
checksum = "46db9f663dfb869b80fcf59e32d7a80fc6c464a4f6328f3f06a00f5e36d05f8c"
dependencies = [
 "debug-helper",
]

[[package]]
name = "critical-section"
version = "1.2.0"
source = "registry+https://github.com/rust-lang/crates.io-index"
checksum = "790eea4361631c5e7d22598ecd5723ff611904e3344ce8720784c93e3d83d40b"

[[package]]
name = "crunchy"
version = "0.2.4"
source = "registry+https://github.com/rust-lang/crates.io-index"
checksum = "460fbee9c2c2f33933d720630a6a0bac33ba7053db5344fac858d4b8952d77d5"

[[package]]
name = "crypto-common"
version = "0.1.7"
source = "registry+https://github.com/rust-lang/crates.io-index"
checksum = "78c8292055d1c1df0cce5d180393dc8cce0abec0a7102adb6c7b1eef6016d60a"
dependencies = [
 "generic-array",
 "typenum",
]

[[package]]
name = "cyw43"
version = "0.5.0"
source = "registry+https://github.com/rust-lang/crates.io-index"
checksum = "85d050df7c6c6d253d1044fd5f011873ec6f434f77c202e7e7e88d5b12a1e943"
dependencies = [
 "cortex-m",
 "cortex-m-rt",
 "embassy-futures",
 "embassy-net-driver-channel",
 "embassy-sync 0.7.2",
 "embassy-time",
 "embedded-hal 1.0.0",
 "futures",
 "heapless 0.8.0",
 "num_enum 0.5.11",
]

[[package]]
name = "cyw43-pio"
version = "0.8.0"
source = "registry+https://github.com/rust-lang/crates.io-index"
checksum = "86bd7dea4d32a73557be29bfadaaa916e758115ed8b42cfca4fda0a111f07644"
dependencies = [
 "cyw43",
 "embassy-rp",
 "fixed",
]

[[package]]
name = "darling"
version = "0.20.11"
source = "registry+https://github.com/rust-lang/crates.io-index"
checksum = "fc7f46116c46ff9ab3eb1597a45688b6715c6e628b5c133e288e709a29bcb4ee"
dependencies = [
 "darling_core",
 "darling_macro",
]

[[package]]
name = "darling_core"
version = "0.20.11"
source = "registry+https://github.com/rust-lang/crates.io-index"
checksum = "0d00b9596d185e565c2207a0b01f8bd1a135483d02d9b7b0a54b11da8d53412e"
dependencies = [
 "fnv",
 "ident_case",
 "proc-macro2",
 "quote",
 "strsim",
 "syn 2.0.119",
]

[[package]]
name = "darling_macro"
version = "0.20.11"
source = "registry+https://github.com/rust-lang/crates.io-index"
checksum = "fc34b93ccb385b40dc71c6fceac4b2ad23662c7eeb248cf10d529b7e055b6ead"
dependencies = [
 "darling_core",
 "quote",
 "syn 2.0.119",
]

[[package]]
name = "debug-helper"
version = "0.3.14"
source = "registry+https://github.com/rust-lang/crates.io-index"
checksum = "80a4af69c60438a1a82af89d362f4729fd38db7b73f305a237636fad31ceb2bf"

[[package]]
name = "defmt"
version = "0.3.100"
source = "registry+https://github.com/rust-lang/crates.io-index"
checksum = "f0963443817029b2024136fc4dd07a5107eb8f977eaf18fcd1fdeb11306b64ad"
dependencies = [
 "defmt 1.1.1",
]

[[package]]
name = "defmt"
version = "1.1.1"
source = "registry+https://github.com/rust-lang/crates.io-index"
checksum = "e2953bfe4f93bbd20cc71198842756f77d161884c99ebbabc41d80231ded88d1"
dependencies = [
 "bitflags 1.3.2",
 "defmt-macros",
]

[[package]]
name = "defmt-macros"
version = "1.1.1"
source = "registry+https://github.com/rust-lang/crates.io-index"
checksum = "bad9c72e7ca2137e0dc3813245a0d282fd6daad32fd800af018306a9169b5fe8"
dependencies = [
 "defmt-parser",
 "proc-macro2",
 "quote",
 "syn 2.0.119",
]

[[package]]
name = "defmt-parser"
version = "1.0.0"
source = "registry+https://github.com/rust-lang/crates.io-index"
checksum = "10d60334b3b2e7c9d91ef8150abfb6fa4c1c39ebbcf4a81c2e346aad939fee3e"
dependencies = [
 "thiserror",
]

[[package]]
name = "defmt-rtt"
version = "1.3.0"
source = "registry+https://github.com/rust-lang/crates.io-index"
checksum = "05144944c117db54127a8ac17a3c9a28d55e7047bfddb950bcd20b4a94c79b10"
dependencies = [
 "critical-section",
 "defmt 1.1.1",
]

[[package]]
name = "digest"
version = "0.10.7"
source = "registry+https://github.com/rust-lang/crates.io-index"
checksum = "9ed9a281f7bc9b7576e61468ba615a66a5c8cfdff42420a70aa82701a3b1e292"
dependencies = [
 "block-buffer",
 "crypto-common",
]

[[package]]
name = "document-features"
version = "0.2.12"
source = "registry+https://github.com/rust-lang/crates.io-index"
checksum = "d4b8a88685455ed29a21542a33abd9cb6510b6b129abadabdcef0f4c55bc8f61"
dependencies = [
 "litrs",
]

[[package]]
name = "either"
version = "1.16.0"
source = "registry+https://github.com/rust-lang/crates.io-index"
checksum = "91622ff5e7162018101f2fea40d6ebf4a78bbe5a49736a2020649edf9693679e"

[[package]]
name = "embassy-embedded-hal"
version = "0.5.0"
source = "registry+https://github.com/rust-lang/crates.io-index"
checksum = "554e3e840696f54b4c9afcf28a0f24da431c927f4151040020416e7393d6d0d8"
dependencies = [
 "embassy-futures",
 "embassy-hal-internal",
 "embassy-sync 0.7.2",
 "embedded-hal 0.2.7",
 "embedded-hal 1.0.0",
 "embedded-hal-async",
 "embedded-storage",
 "embedded-storage-async",
 "nb 1.1.0",
]

[[package]]
name = "embassy-executor"
version = "0.9.1"
source = "registry+https://github.com/rust-lang/crates.io-index"
checksum = "06070468370195e0e86f241c8e5004356d696590a678d47d6676795b2e439c6b"
dependencies = [
 "cortex-m",
 "critical-section",
 "document-features",
 "embassy-executor-macros",
 "embassy-executor-timer-queue",
]

[[package]]
name = "embassy-executor-macros"
version = "0.7.0"
source = "registry+https://github.com/rust-lang/crates.io-index"
checksum = "dfdddc3a04226828316bf31393b6903ee162238576b1584ee2669af215d55472"
dependencies = [
 "darling",
 "proc-macro2",
 "quote",
 "syn 2.0.119",
]

[[package]]
name = "embassy-executor-timer-queue"
version = "0.1.0"
source = "registry+https://github.com/rust-lang/crates.io-index"
checksum = "2fc328bf943af66b80b98755db9106bf7e7471b0cf47dc8559cd9a6be504cc9c"

[[package]]
name = "embassy-futures"
version = "0.1.2"
source = "registry+https://github.com/rust-lang/crates.io-index"
checksum = "dc2d050bdc5c21e0862a89256ed8029ae6c290a93aecefc73084b3002cdebb01"

[[package]]
name = "embassy-hal-internal"
version = "0.3.0"
source = "registry+https://github.com/rust-lang/crates.io-index"
checksum = "95285007a91b619dc9f26ea8f55452aa6c60f7115a4edc05085cd2bd3127cd7a"
dependencies = [
 "cortex-m",
 "critical-section",
 "num-traits",
]

[[package]]
name = "embassy-net"
version = "0.9.1"
source = "registry+https://github.com/rust-lang/crates.io-index"
checksum = "347bc855bdbdf50ed9c5a1d80e8204badb0ba149b8732dde38e1e9708ed9d313"
dependencies = [
 "defmt 1.1.1",
 "document-features",
 "embassy-net-driver",
 "embassy-sync 0.8.0",
 "embassy-time",
 "embedded-io-async 0.7.0",
 "embedded-nal-async",
 "heapless 0.9.3",
 "managed",
 "smoltcp",
]

[[package]]
name = "embassy-net-driver"
version = "0.2.0"
source = "registry+https://github.com/rust-lang/crates.io-index"
checksum = "524eb3c489760508f71360112bca70f6e53173e6fe48fc5f0efd0f5ab217751d"
dependencies = [
 "defmt 0.3.100",
]

[[package]]
name = "embassy-net-driver-channel"
version = "0.3.2"
source = "registry+https://github.com/rust-lang/crates.io-index"
checksum = "b7b2739fbcf6cd206ae08779c7d709087b16577d255f2ea4a45bc4bbbf305b3f"
dependencies = [
 "embassy-futures",
 "embassy-net-driver",
 "embassy-sync 0.7.2",
]

[[package]]
name = "embassy-rp"
version = "0.8.0"
source = "registry+https://github.com/rust-lang/crates.io-index"
checksum = "1a284935af0a869de3fa14af74b5f932389dd66d7048012f1083b06f38d05399"
dependencies = [
 "atomic-polyfill",
 "cfg-if",
 "cortex-m",
 "cortex-m-rt",
 "critical-section",
 "document-features",
 "embassy-embedded-hal",
 "embassy-futures",
 "embassy-hal-internal",
 "embassy-sync 0.7.2",
 "embassy-time",
 "embassy-time-driver",
 "embassy-time-queue-utils",
 "embassy-usb-driver",
 "embedded-hal 0.2.7",
 "embedded-hal 1.0.0",
 "embedded-hal-async",
 "embedded-hal-nb",
 "embedded-io 0.6.1",
 "embedded-io-async 0.6.1",
 "embedded-storage",
 "embedded-storage-async",
 "fixed",
 "nb 1.1.0",
 "pio",
 "rand_core 0.6.4",
 "rand_core 0.9.5",
 "rp-pac",
 "rp2040-boot2",
 "sha2-const-stable",
 "smart-leds",
]

[[package]]
name = "embassy-sync"
version = "0.7.2"
source = "registry+https://github.com/rust-lang/crates.io-index"
checksum = "73974a3edbd0bd286759b3d483540f0ebef705919a5f56f4fc7709066f71689b"
dependencies = [
 "cfg-if",
 "critical-section",
 "embedded-io-async 0.6.1",
 "futures-core",
 "futures-sink",
 "heapless 0.8.0",
]

[[package]]
name = "embassy-sync"
version = "0.8.0"
source = "registry+https://github.com/rust-lang/crates.io-index"
checksum = "7bbd85cf5a5ae56bdf26f618364af642d1d0a4e245cdd75cd9aabda382f65a81"
dependencies = [
 "cfg-if",
 "critical-section",
 "embedded-io-async 0.7.0",
 "futures-core",
 "futures-sink",
 "heapless 0.9.3",
]

[[package]]
name = "embassy-time"
version = "0.5.1"
source = "registry+https://github.com/rust-lang/crates.io-index"
checksum = "592b0c143ec626e821d4d90da51a2bd91d559d6c442b7c74a47d368c9e23d97a"
dependencies = [
 "cfg-if",
 "critical-section",
 "defmt 1.1.1",
 "document-features",
 "embassy-time-driver",
 "embedded-hal 0.2.7",
 "embedded-hal 1.0.0",
 "embedded-hal-async",
 "futures-core",
]

[[package]]
name = "embassy-time-driver"
version = "0.2.2"
source = "registry+https://github.com/rust-lang/crates.io-index"
checksum = "6ee71af1b3a0deaa53eaf2d39252f83504c853646e472400b763060389b9fcc9"
dependencies = [
 "document-features",
]

[[package]]
name = "embassy-time-queue-utils"
version = "0.3.2"
source = "registry+https://github.com/rust-lang/crates.io-index"
checksum = "168297bf80aaf114b3c9ad589bf38b01b3009b9af7f97cd18086c5bbf96f5693"
dependencies = [
 "embassy-executor-timer-queue",
 "heapless 0.9.3",
]

[[package]]
name = "embassy-usb-driver"
version = "0.2.2"
source = "registry+https://github.com/rust-lang/crates.io-index"
checksum = "fa675c5f4349b6aa0fcffc4bf9b241f18cd11b97c1f8323273fb9a5449937fbd"
dependencies = [
 "embedded-io-async 0.6.1",
 "embedded-io-async 0.7.0",
]

[[package]]
name = "embedded-hal"
version = "0.2.7"
source = "registry+https://github.com/rust-lang/crates.io-index"
checksum = "35949884794ad573cf46071e41c9b60efb0cb311e3ca01f7af807af1debc66ff"
dependencies = [
 "nb 0.1.3",
 "void",
]

[[package]]
name = "embedded-hal"
version = "1.0.0"
source = "registry+https://github.com/rust-lang/crates.io-index"
checksum = "361a90feb7004eca4019fb28352a9465666b24f840f5c3cddf0ff13920590b89"

[[package]]
name = "embedded-hal-async"
version = "1.0.0"
source = "registry+https://github.com/rust-lang/crates.io-index"
checksum = "0c4c685bbef7fe13c3c6dd4da26841ed3980ef33e841cddfa15ce8a8fb3f1884"
dependencies = [
 "embedded-hal 1.0.0",
]

[[package]]
name = "embedded-hal-nb"
version = "1.0.0"
source = "registry+https://github.com/rust-lang/crates.io-index"
checksum = "fba4268c14288c828995299e59b12babdbe170f6c6d73731af1b4648142e8605"
dependencies = [
 "embedded-hal 1.0.0",
 "nb 1.1.0",
]

[[package]]
name = "embedded-io"
version = "0.6.1"
source = "registry+https://github.com/rust-lang/crates.io-index"
checksum = "edd0f118536f44f5ccd48bcb8b111bdc3de888b58c74639dfb034a357d0f206d"

[[package]]
name = "embedded-io"
version = "0.7.1"
source = "registry+https://github.com/rust-lang/crates.io-index"
checksum = "9eb1aa714776b75c7e67e1da744b81a129b3ff919c8712b5e1b32252c1f07cc7"
dependencies = [
 "defmt 1.1.1",
]

[[package]]
name = "embedded-io-async"
version = "0.6.1"
source = "registry+https://github.com/rust-lang/crates.io-index"
checksum = "3ff09972d4073aa8c299395be75161d582e7629cd663171d62af73c8d50dba3f"
dependencies = [
 "embedded-io 0.6.1",
]

[[package]]
name = "embedded-io-async"
version = "0.7.0"
source = "registry+https://github.com/rust-lang/crates.io-index"
checksum = "2564b9f813c544241430e147d8bc454815ef9ac998878d30cc3055449f7fd4c0"
dependencies = [
 "defmt 1.1.1",
 "embedded-io 0.7.1",
]

[[package]]
name = "embedded-nal"
version = "0.9.0"
source = "registry+https://github.com/rust-lang/crates.io-index"
checksum = "c56a28be191a992f28f178ec338a0bf02f63d7803244add736d026a471e6ed77"
dependencies = [
 "nb 1.1.0",
]

[[package]]
name = "embedded-nal-async"
version = "0.9.0"
source = "registry+https://github.com/rust-lang/crates.io-index"
checksum = "eb5a1bd585135d302f8f6d7de329310938093da6271b37a6c94b8798795c0c6d"
dependencies = [
 "embedded-io-async 0.7.0",
 "embedded-nal",
]

[[package]]
name = "embedded-storage"
version = "0.3.1"
source = "registry+https://github.com/rust-lang/crates.io-index"
checksum = "a21dea9854beb860f3062d10228ce9b976da520a73474aed3171ec276bc0c032"

[[package]]
name = "embedded-storage-async"
version = "0.4.1"
source = "registry+https://github.com/rust-lang/crates.io-index"
checksum = "1763775e2323b7d5f0aa6090657f5e21cfa02ede71f5dc40eead06d64dcd15cc"
dependencies = [
 "embedded-storage",
]

[[package]]
name = "ena"
version = "0.14.4"
source = "registry+https://github.com/rust-lang/crates.io-index"
checksum = "eabffdaee24bd1bf95c5ef7cec31260444317e72ea56c4c91750e8b7ee58d5f1"
dependencies = [
 "log",
]

[[package]]
name = "equivalent"
version = "1.0.2"
source = "registry+https://github.com/rust-lang/crates.io-index"
checksum = "877a4ace8713b0bcf2a4e7eec82529c029f1d0619886d18145fea96c3ffe5c0f"

[[package]]
name = "example_secrets"
version = "0.1.0"

[[package]]
name = "fixed"
version = "1.31.0"
source = "registry+https://github.com/rust-lang/crates.io-index"
checksum = "9af2cbf772fa6d1c11358f92ef554cb6b386201210bcf0e91fb7fba8a907fb40"
dependencies = [
 "az",
 "bytemuck",
 "half",
 "typenum",
]

[[package]]
name = "fixedbitset"
version = "0.5.7"
source = "registry+https://github.com/rust-lang/crates.io-index"
checksum = "1d674e81391d1e1ab681a28d99df07927c6d4aa5b027d7da16ba32d1d21ecd99"

[[package]]
name = "fnv"
version = "1.0.7"
source = "registry+https://github.com/rust-lang/crates.io-index"
checksum = "3f9eec918d3f24069decb9af1554cad7c880e2da24a9afd88aca000531ab82c1"

[[package]]
name = "futures"
version = "0.3.32"
source = "registry+https://github.com/rust-lang/crates.io-index"
checksum = "8b147ee9d1f6d097cef9ce628cd2ee62288d963e16fb287bd9286455b241382d"
dependencies = [
 "futures-channel",
 "futures-core",
 "futures-io",
 "futures-sink",
 "futures-task",
 "futures-util",
]

[[package]]
name = "futures-channel"
version = "0.3.32"
source = "registry+https://github.com/rust-lang/crates.io-index"
checksum = "07bbe89c50d7a535e539b8c17bc0b49bdb77747034daa8087407d655f3f7cc1d"
dependencies = [
 "futures-core",
 "futures-sink",
]

[[package]]
name = "futures-core"
version = "0.3.32"
source = "registry+https://github.com/rust-lang/crates.io-index"
checksum = "7e3450815272ef58cec6d564423f6e755e25379b217b0bc688e295ba24df6b1d"

[[package]]
name = "futures-io"
version = "0.3.32"
source = "registry+https://github.com/rust-lang/crates.io-index"
checksum = "cecba35d7ad927e23624b22ad55235f2239cfa44fd10428eecbeba6d6a717718"

[[package]]
name = "futures-macro"
version = "0.3.32"
source = "registry+https://github.com/rust-lang/crates.io-index"
checksum = "e835b70203e41293343137df5c0664546da5745f82ec9b84d40be8336958447b"
dependencies = [
 "proc-macro2",
 "quote",
 "syn 2.0.119",
]

[[package]]
name = "futures-sink"
version = "0.3.32"
source = "registry+https://github.com/rust-lang/crates.io-index"
checksum = "c39754e157331b013978ec91992bde1ac089843443c49cbc7f46150b0fad0893"

[[package]]
name = "futures-task"
version = "0.3.32"
source = "registry+https://github.com/rust-lang/crates.io-index"
checksum = "037711b3d59c33004d3856fbdc83b99d4ff37a24768fa1be9ce3538a1cde4393"

[[package]]
name = "futures-util"
version = "0.3.32"
source = "registry+https://github.com/rust-lang/crates.io-index"
checksum = "389ca41296e6190b48053de0321d02a77f32f8a5d2461dd38762c0593805c6d6"
dependencies = [
 "futures-core",
 "futures-macro",
 "futures-sink",
 "futures-task",
 "pin-project-lite",
]

[[package]]
name = "generic-array"
version = "0.14.7"
source = "registry+https://github.com/rust-lang/crates.io-index"
checksum = "85649ca51fd72272d7821adaf274ad91c288277713d9c18820d8499a7ff69e9a"
dependencies = [
 "typenum",
 "version_check",
]

[[package]]
name = "half"
version = "2.7.1"
source = "registry+https://github.com/rust-lang/crates.io-index"
checksum = "6ea2d84b969582b4b1864a92dc5d27cd2b77b622a8d79306834f1be5ba20d84b"
dependencies = [
 "cfg-if",
 "crunchy",
 "zerocopy",
]

[[package]]
name = "hash32"
version = "0.3.1"
source = "registry+https://github.com/rust-lang/crates.io-index"
checksum = "47d60b12902ba28e2730cd37e95b8c9223af2808df9e902d4df49588d1470606"
dependencies = [
 "byteorder",
]

[[package]]
name = "hashbrown"
version = "0.17.1"
source = "registry+https://github.com/rust-lang/crates.io-index"
checksum = "ed5909b6e89a2db4456e54cd5f673791d7eca6732202bbf2a9cc504fe2f9b84a"

[[package]]
name = "heapless"
version = "0.8.0"
source = "registry+https://github.com/rust-lang/crates.io-index"
checksum = "0bfb9eb618601c89945a70e254898da93b13be0388091d42117462b265bb3fad"
dependencies = [
 "defmt 0.3.100",
 "hash32",
 "serde",
 "stable_deref_trait",
]

[[package]]
name = "heapless"
version = "0.9.3"
source = "registry+https://github.com/rust-lang/crates.io-index"
checksum = "25ba4bd83f9415b58b4ed8dc5714c76e626a105be4646c02630ad730ad3b5aa4"
dependencies = [
 "defmt 1.1.1",
 "hash32",
 "stable_deref_trait",
]

[[package]]
name = "hello_world_defmt"
version = "0.1.0"
dependencies = [
 "cortex-m-rt",
 "cyw43",
 "cyw43-pio",
 "defmt-rtt",
 "embassy-executor",
 "embassy-futures",
 "embassy-net",
 "embassy-rp",
 "embassy-sync 0.7.2",
 "embassy-time",
 "example_secrets",
 "log",
 "panic-probe",
 "picoserve",
 "portable-atomic",
 "rand",
 "static_cell",
]

[[package]]
name = "ident_case"
version = "1.0.1"
source = "registry+https://github.com/rust-lang/crates.io-index"
checksum = "b9e0384b61958566e926dc50660321d12159025e767c18e043daf26b70104c39"

[[package]]
name = "indexmap"
version = "2.14.0"
source = "registry+https://github.com/rust-lang/crates.io-index"
checksum = "d466e9454f08e4a911e14806c24e16fba1b4c121d1ea474396f396069cf949d9"
dependencies = [
 "equivalent",
 "hashbrown",
]

[[package]]
name = "itertools"
version = "0.14.0"
source = "registry+https://github.com/rust-lang/crates.io-index"
checksum = "2b192c782037fadd9cfa75548310488aabdbf3d2da73885b31bd0abd03351285"
dependencies = [
 "either",
]

[[package]]
name = "keccak"
version = "0.1.6"
source = "registry+https://github.com/rust-lang/crates.io-index"
checksum = "cb26cec98cce3a3d96cbb7bced3c4b16e3d13f27ec56dbd62cbc8f39cfb9d653"
dependencies = [
 "cpufeatures",
]

[[package]]
name = "lalrpop"
version = "0.22.2"
source = "registry+https://github.com/rust-lang/crates.io-index"
checksum = "ba4ebbd48ce411c1d10fb35185f5a51a7bfa3d8b24b4e330d30c9e3a34129501"
dependencies = [
 "ascii-canvas",
 "bit-set",
 "ena",
 "itertools",
 "lalrpop-util",
 "petgraph",
 "pico-args",
 "regex",
 "regex-syntax",
 "sha3",
 "string_cache",
 "term",
 "unicode-xid",
 "walkdir",
]

[[package]]
name = "lalrpop-util"
version = "0.22.2"
source = "registry+https://github.com/rust-lang/crates.io-index"
checksum = "b5baa5e9ff84f1aefd264e6869907646538a52147a755d494517a8007fb48733"
dependencies = [
 "regex-automata",
 "rustversion",
]

[[package]]
name = "libc"
version = "0.2.186"
source = "registry+https://github.com/rust-lang/crates.io-index"
checksum = "68ab91017fe16c622486840e4c83c9a37afeff978bd239b5293d61ece587de66"

[[package]]
name = "litrs"
version = "1.0.0"
source = "registry+https://github.com/rust-lang/crates.io-index"
checksum = "11d3d7f243d5c5a8b9bb5d6dd2b1602c0cb0b9db1621bafc7ed66e35ff9fe092"

[[package]]
name = "lock_api"
version = "0.4.14"
source = "registry+https://github.com/rust-lang/crates.io-index"
checksum = "224399e74b87b5f3557511d98dff8b14089b3dadafcab6bb93eab67d3aace965"
dependencies = [
 "scopeguard",
]

[[package]]
name = "log"
version = "0.4.33"
source = "registry+https://github.com/rust-lang/crates.io-index"
checksum = "0ceec5bc11778974d1bcb055b18002eba7f4b3518b6a0081b3af5f21666da9ad"

[[package]]
name = "managed"
version = "0.8.0"
source = "registry+https://github.com/rust-lang/crates.io-index"
checksum = "0ca88d725a0a943b096803bd34e73a4437208b6077654cc4ecb2947a5f91618d"

[[package]]
name = "memchr"
version = "2.8.3"
source = "registry+https://github.com/rust-lang/crates.io-index"
checksum = "cf8baf1c55e62ffcace7a9f06f4bd9cd3f0c4beb022d3b367256b91b87513d98"

[[package]]
name = "nb"
version = "0.1.3"
source = "registry+https://github.com/rust-lang/crates.io-index"
checksum = "801d31da0513b6ec5214e9bf433a77966320625a37860f910be265be6e18d06f"
dependencies = [
 "nb 1.1.0",
]

[[package]]
name = "nb"
version = "1.1.0"
source = "registry+https://github.com/rust-lang/crates.io-index"
checksum = "8d5439c4ad607c3c23abf66de8c8bf57ba8adcd1f129e699851a6e43935d339d"

[[package]]
name = "new_debug_unreachable"
version = "1.0.6"
source = "registry+https://github.com/rust-lang/crates.io-index"
checksum = "650eef8c711430f1a879fdd01d4745a7deea475becfb90269c06775983bbf086"

[[package]]
name = "num-traits"
version = "0.2.19"
source = "registry+https://github.com/rust-lang/crates.io-index"
checksum = "071dfc062690e90b734c0b2273ce72ad0ffa95f0c74596bc250dcfd960262841"
dependencies = [
 "autocfg",
]

[[package]]
name = "num_enum"
version = "0.5.11"
source = "registry+https://github.com/rust-lang/crates.io-index"
checksum = "1f646caf906c20226733ed5b1374287eb97e3c2a5c227ce668c1f2ce20ae57c9"
dependencies = [
 "num_enum_derive 0.5.11",
]

[[package]]
name = "num_enum"
version = "0.7.6"
source = "registry+https://github.com/rust-lang/crates.io-index"
checksum = "5d0bca838442ec211fa11de3a8b0e0e8f3a4522575b5c4c06ed722e005036f26"
dependencies = [
 "num_enum_derive 0.7.6",
 "rustversion",
]

[[package]]
name = "num_enum_derive"
version = "0.5.11"
source = "registry+https://github.com/rust-lang/crates.io-index"
checksum = "dcbff9bc912032c62bf65ef1d5aea88983b420f4f839db1e9b0c281a25c9c799"
dependencies = [
 "proc-macro2",
 "quote",
 "syn 1.0.109",
]

[[package]]
name = "num_enum_derive"
version = "0.7.6"
source = "registry+https://github.com/rust-lang/crates.io-index"
checksum = "680998035259dcfcafe653688bf2aa6d3e2dc05e98be6ab46afb089dc84f1df8"
dependencies = [
 "proc-macro2",
 "quote",
 "syn 2.0.119",
]

[[package]]
name = "panic-probe"
version = "1.0.0"
source = "registry+https://github.com/rust-lang/crates.io-index"
checksum = "fd402d00b0fb94c5aee000029204a46884b1262e0c443f166d86d2c0747e1a1a"
dependencies = [
 "cortex-m",
 "defmt 1.1.1",
]

[[package]]
name = "parking_lot"
version = "0.12.5"
source = "registry+https://github.com/rust-lang/crates.io-index"
checksum = "93857453250e3077bd71ff98b6a65ea6621a19bb0f559a85248955ac12c45a1a"
dependencies = [
 "lock_api",
 "parking_lot_core",
]

[[package]]
name = "parking_lot_core"
version = "0.9.12"
source = "registry+https://github.com/rust-lang/crates.io-index"
checksum = "2621685985a2ebf1c516881c026032ac7deafcda1a2c9b7850dc81e3dfcb64c1"
dependencies = [
 "cfg-if",
 "libc",
 "redox_syscall",
 "smallvec",
 "windows-link",
]

[[package]]
name = "paste"
version = "1.0.15"
source = "registry+https://github.com/rust-lang/crates.io-index"
checksum = "57c0d7b74b563b49d38dae00a0c37d4d6de9b432382b2892f0574ddcae73fd0a"

[[package]]
name = "petgraph"
version = "0.7.1"
source = "registry+https://github.com/rust-lang/crates.io-index"
checksum = "3672b37090dbd86368a4145bc067582552b29c27377cad4e0a306c97f9bd7772"
dependencies = [
 "fixedbitset",
 "indexmap",
]

[[package]]
name = "phf_shared"
version = "0.11.3"
source = "registry+https://github.com/rust-lang/crates.io-index"
checksum = "67eabc2ef2a60eb7faa00097bd1ffdb5bd28e62bf39990626a582201b7a754e5"
dependencies = [
 "siphasher",
]

[[package]]
name = "pico-args"
version = "0.5.0"
source = "registry+https://github.com/rust-lang/crates.io-index"
checksum = "5be167a7af36ee22fe3115051bc51f6e6c7054c9348e28deb4f49bd6f705a315"

[[package]]
name = "picoserve"
version = "0.18.1"
dependencies = [
 "const-sha1",
 "defmt 1.1.1",
 "embassy-net",
 "embassy-time",
 "embedded-io-async 0.7.0",
 "heapless 0.8.0",
 "picoserve_derive",
 "pin-project",
 "serde",
 "serde-json-core",
 "thiserror",
]

[[package]]
name = "picoserve_derive"
version = "0.1.4"
dependencies = [
 "proc-macro2",
 "quote",
 "syn 2.0.119",
]

[[package]]
name = "pin-project"
version = "1.1.13"
source = "registry+https://github.com/rust-lang/crates.io-index"
checksum = "2466b2336ed02bcdca6b294417127b90ec92038d1d5c4fbeac971a922e0e0924"
dependencies = [
 "pin-project-internal",
]

[[package]]
name = "pin-project-internal"
version = "1.1.13"
source = "registry+https://github.com/rust-lang/crates.io-index"
checksum = "c96395f0a926bc13b1c17622aaddda1ecb55d49c8f1bf9777e4d877800a43f8b"
dependencies = [
 "proc-macro2",
 "quote",
 "syn 2.0.119",
]

[[package]]
name = "pin-project-lite"
version = "0.2.17"
source = "registry+https://github.com/rust-lang/crates.io-index"
checksum = "a89322df9ebe1c1578d689c92318e070967d1042b512afbe49518723f4e6d5cd"

[[package]]
name = "pio"
version = "0.3.0"
source = "registry+https://github.com/rust-lang/crates.io-index"
checksum = "d0ba4153cee9585abc451271aa437d9e8defdea8b468d48ba6b8f098cbe03d7f"
dependencies = [
 "pio-core",
 "pio-proc",
]

[[package]]
name = "pio-core"
version = "0.3.0"
source = "registry+https://github.com/rust-lang/crates.io-index"
checksum = "61d90fddc3d67f21bbf93683bc461b05d6a29c708caf3ffb79947d7ff7095406"
dependencies = [
 "arrayvec",
 "num_enum 0.7.6",
 "paste",
]

[[package]]
name = "pio-parser"
version = "0.3.0"
source = "registry+https://github.com/rust-lang/crates.io-index"
checksum = "825266c1eaddf54f636d06eefa4bf3c99d774c14ec46a4a6c6e5128a0f10d205"
dependencies = [
 "lalrpop",
 "lalrpop-util",
 "pio-core",
]

[[package]]
name = "pio-proc"
version = "0.3.0"
source = "registry+https://github.com/rust-lang/crates.io-index"
checksum = "ed4a76571f5fe51af43cc80ac870fe0c79cc0cdd686b9002a6c4c84bfdd0176b"
dependencies = [
 "codespan-reporting",
 "lalrpop-util",
 "pio-core",
 "pio-parser",
 "proc-macro-error2",
 "proc-macro2",
 "quote",
 "syn 2.0.119",
]

[[package]]
name = "portable-atomic"
version = "1.13.1"
source = "registry+https://github.com/rust-lang/crates.io-index"
checksum = "c33a9471896f1c69cecef8d20cbe2f7accd12527ce60845ff44c153bb2a21b49"
dependencies = [
 "critical-section",
]

[[package]]
name = "precomputed-hash"
version = "0.1.1"
source = "registry+https://github.com/rust-lang/crates.io-index"
checksum = "925383efa346730478fb4838dbe9137d2a47675ad789c546d150a6e1dd4ab31c"

[[package]]
name = "proc-macro-error-attr2"
version = "2.0.0"
source = "registry+https://github.com/rust-lang/crates.io-index"
checksum = "96de42df36bb9bba5542fe9f1a054b8cc87e172759a1868aa05c1f3acc89dfc5"
dependencies = [
 "proc-macro2",
 "quote",
]

[[package]]
name = "proc-macro-error2"
version = "2.0.1"
source = "registry+https://github.com/rust-lang/crates.io-index"
checksum = "11ec05c52be0a07b08061f7dd003e7d7092e0472bc731b4af7bb1ef876109802"
dependencies = [
 "proc-macro-error-attr2",
 "proc-macro2",
 "quote",
 "syn 2.0.119",
]

[[package]]
name = "proc-macro2"
version = "1.0.106"
source = "registry+https://github.com/rust-lang/crates.io-index"
checksum = "8fd00f0bb2e90d81d1044c2b32617f68fcb9fa3bb7640c23e9c748e53fb30934"
dependencies = [
 "unicode-ident",
]

[[package]]
name = "quote"
version = "1.0.46"
source = "registry+https://github.com/rust-lang/crates.io-index"
checksum = "dfbc457d0c7a0759a614551b11a6409e5951f6c7537be1f1b7682b9ae9230368"
dependencies = [
 "proc-macro2",
]

[[package]]
name = "rand"
version = "0.9.5"
source = "registry+https://github.com/rust-lang/crates.io-index"
checksum = "b9ef1d0d795eb7d84685bca4f72f3649f064e6641543d3a8c415898726a57b41"
dependencies = [
 "rand_core 0.9.5",
]

[[package]]
name = "rand_core"
version = "0.6.4"
source = "registry+https://github.com/rust-lang/crates.io-index"
checksum = "ec0be4795e2f6a28069bec0b5ff3e2ac9bafc99e6a9a7dc3547996c5c816922c"

[[package]]
name = "rand_core"
version = "0.9.5"
source = "registry+https://github.com/rust-lang/crates.io-index"
checksum = "76afc826de14238e6e8c374ddcc1fa19e374fd8dd986b0d2af0d02377261d83c"

[[package]]
name = "redox_syscall"
version = "0.5.18"
source = "registry+https://github.com/rust-lang/crates.io-index"
checksum = "ed2bf2547551a7053d6fdfafda3f938979645c44812fbfcda098faae3f1a362d"
dependencies = [
 "bitflags 2.13.0",
]

[[package]]
name = "regex"
version = "1.13.0"
source = "registry+https://github.com/rust-lang/crates.io-index"
checksum = "2a0e75113e14dc5acb068cd0786884f214f1312650a3d36d269f5c4f3cdee8a2"
dependencies = [
 "aho-corasick",
 "memchr",
 "regex-automata",
 "regex-syntax",
]

[[package]]
name = "regex-automata"
version = "0.4.15"
source = "registry+https://github.com/rust-lang/crates.io-index"
checksum = "1f388202e4b80542a0921078cc23b6333bcf1409c1e3f86404cae4766a6131db"
dependencies = [
 "aho-corasick",
 "memchr",
 "regex-syntax",
]

[[package]]
name = "regex-syntax"
version = "0.8.11"
source = "registry+https://github.com/rust-lang/crates.io-index"
checksum = "d6f6ff9a378485b298a5286656da665ba74413d36db0979633275d2e708145d4"

[[package]]
name = "rgb"
version = "0.8.53"
source = "registry+https://github.com/rust-lang/crates.io-index"
checksum = "47b34b781b31e5d73e9fbc8689c70551fd1ade9a19e3e28cfec8580a79290cc4"

[[package]]
name = "rp-pac"
version = "7.0.0"
source = "registry+https://github.com/rust-lang/crates.io-index"
checksum = "8af65855c40b2c35079514c5489abffc0429347fef25d8467ff98ad84b4322d3"
dependencies = [
 "cortex-m",
 "cortex-m-rt",
]

[[package]]
name = "rp2040-boot2"
version = "0.3.0"
source = "registry+https://github.com/rust-lang/crates.io-index"
checksum = "7c92f344f63f950ee36cf4080050e4dce850839b9175da38f9d2ffb69b4dbb21"
dependencies = [
 "crc-any",
]

[[package]]
name = "rustc_version"
version = "0.2.3"
source = "registry+https://github.com/rust-lang/crates.io-index"
checksum = "138e3e0acb6c9fb258b19b67cb8abd63c00679d2851805ea151465464fe9030a"
dependencies = [
 "semver",
]

[[package]]
name = "rustversion"
version = "1.0.23"
source = "registry+https://github.com/rust-lang/crates.io-index"
checksum = "cf54715a573b99ac80df0bc206da022bcd442c974952c7b9720069370852e21f"

[[package]]
name = "ryu"
version = "1.0.23"
source = "registry+https://github.com/rust-lang/crates.io-index"
checksum = "9774ba4a74de5f7b1c1451ed6cd5285a32eddb5cccb8cc655a4e50009e06477f"

[[package]]
name = "same-file"
version = "1.0.6"
source = "registry+https://github.com/rust-lang/crates.io-index"
checksum = "93fc1dc3aaa9bfed95e02e6eadabb4baf7e3078b0bd1b4d7b6b0b68378900502"
dependencies = [
 "winapi-util",
]

[[package]]
name = "scopeguard"
version = "1.2.0"
source = "registry+https://github.com/rust-lang/crates.io-index"
checksum = "94143f37725109f92c262ed2cf5e59bce7498c01bcc1502d7b9afe439a4e9f49"

[[package]]
name = "semver"
version = "0.9.0"
source = "registry+https://github.com/rust-lang/crates.io-index"
checksum = "1d7eb9ef2c18661902cc47e535f9bc51b78acd254da71d375c2f6720d9a40403"
dependencies = [
 "semver-parser",
]

[[package]]
name = "semver-parser"
version = "0.7.0"
source = "registry+https://github.com/rust-lang/crates.io-index"
checksum = "388a1df253eca08550bef6c72392cfe7c30914bf41df5269b68cbd6ff8f570a3"

[[package]]
name = "serde"
version = "1.0.228"
source = "registry+https://github.com/rust-lang/crates.io-index"
checksum = "9a8e94ea7f378bd32cbbd37198a4a91436180c5bb472411e48b5ec2e2124ae9e"
dependencies = [
 "serde_core",
 "serde_derive",
]

[[package]]
name = "serde-json-core"
version = "0.6.0"
source = "registry+https://github.com/rust-lang/crates.io-index"
checksum = "5b81787e655bd59cecadc91f7b6b8651330b2be6c33246039a65e5cd6f4e0828"
dependencies = [
 "defmt 0.3.100",
 "heapless 0.8.0",
 "ryu",
 "serde",
]

[[package]]
name = "serde_core"
version = "1.0.228"
source = "registry+https://github.com/rust-lang/crates.io-index"
checksum = "41d385c7d4ca58e59fc732af25c3983b67ac852c1a25000afe1175de458b67ad"
dependencies = [
 "serde_derive",
]

[[package]]
name = "serde_derive"
version = "1.0.228"
source = "registry+https://github.com/rust-lang/crates.io-index"
checksum = "d540f220d3187173da220f885ab66608367b6574e925011a9353e4badda91d79"
dependencies = [
 "proc-macro2",
 "quote",
 "syn 2.0.119",
]

[[package]]
name = "sha2-const-stable"
version = "0.1.0"
source = "registry+https://github.com/rust-lang/crates.io-index"
checksum = "5f179d4e11094a893b82fff208f74d448a7512f99f5a0acbd5c679b705f83ed9"

[[package]]
name = "sha3"
version = "0.10.9"
source = "registry+https://github.com/rust-lang/crates.io-index"
checksum = "77fd7028345d415a4034cf8777cd4f8ab1851274233b45f84e3d955502d93874"
dependencies = [
 "digest",
 "keccak",
]

[[package]]
name = "siphasher"
version = "1.0.3"
source = "registry+https://github.com/rust-lang/crates.io-index"
checksum = "8ee5873ec9cce0195efcb7a4e9507a04cd49aec9c83d0389df45b1ef7ba2e649"

[[package]]
name = "smallvec"
version = "1.15.2"
source = "registry+https://github.com/rust-lang/crates.io-index"
checksum = "8ed6a63f02c8539c91a8685a86f4099661ba3da017932f6ebbea6de3f0fa7c90"

[[package]]
name = "smart-leds"
version = "0.4.0"
source = "registry+https://github.com/rust-lang/crates.io-index"
checksum = "66df34e571fa9993fa6f99131a374d58ca3d694b75f9baac93458fe0d6057bf0"
dependencies = [
 "smart-leds-trait",
]

[[package]]
name = "smart-leds-trait"
version = "0.3.2"
source = "registry+https://github.com/rust-lang/crates.io-index"
checksum = "a7f4441a131924d58da6b83a7ad765c460e64630cce504376c3a87a2558c487f"
dependencies = [
 "rgb",
]

[[package]]
name = "smoltcp"
version = "0.13.1"
source = "registry+https://github.com/rust-lang/crates.io-index"
checksum = "5f73d40463bba65efc9adc6370b56df76d563cc46e2482bba58351b4afb7535e"
dependencies = [
 "bitflags 1.3.2",
 "byteorder",
 "cfg-if",
 "defmt 0.3.100",
 "heapless 0.9.3",
 "managed",
]

[[package]]
name = "stable_deref_trait"
version = "1.2.1"
source = "registry+https://github.com/rust-lang/crates.io-index"
checksum = "6ce2be8dc25455e1f91df71bfa12ad37d7af1092ae736f3a6cd0e37bc7810596"

[[package]]
name = "static_cell"
version = "2.1.1"
source = "registry+https://github.com/rust-lang/crates.io-index"
checksum = "0530892bb4fa575ee0da4b86f86c667132a94b74bb72160f58ee5a4afec74c23"
dependencies = [
 "portable-atomic",
]

[[package]]
name = "string_cache"
version = "0.8.9"
source = "registry+https://github.com/rust-lang/crates.io-index"
checksum = "bf776ba3fa74f83bf4b63c3dcbbf82173db2632ed8452cb2d891d33f459de70f"
dependencies = [
 "new_debug_unreachable",
 "parking_lot",
 "phf_shared",
 "precomputed-hash",
]

[[package]]
name = "strsim"
version = "0.11.1"
source = "registry+https://github.com/rust-lang/crates.io-index"
checksum = "7da8b5736845d9f2fcb837ea5d9e2628564b3b043a70948a3f0b778838c5fb4f"

[[package]]
name = "syn"
version = "1.0.109"
source = "registry+https://github.com/rust-lang/crates.io-index"
checksum = "72b64191b275b66ffe2469e8af2c1cfe3bafa67b529ead792a6d0160888b4237"
dependencies = [
 "proc-macro2",
 "quote",
 "unicode-ident",
]

[[package]]
name = "syn"
version = "2.0.119"
source = "registry+https://github.com/rust-lang/crates.io-index"
checksum = "872831b642d1a07999a962a351ed35b955ea2cfc8f3862091e2a240a84f17297"
dependencies = [
 "proc-macro2",
 "quote",
 "unicode-ident",
]

[[package]]
name = "term"
version = "1.2.1"
source = "registry+https://github.com/rust-lang/crates.io-index"
checksum = "d8c27177b12a6399ffc08b98f76f7c9a1f4fe9fc967c784c5a071fa8d93cf7e1"
dependencies = [
 "windows-sys",
]

[[package]]
name = "termcolor"
version = "1.4.1"
source = "registry+https://github.com/rust-lang/crates.io-index"
checksum = "06794f8f6c5c898b3275aebefa6b8a1cb24cd2c6c79397ab15774837a0bc5755"
dependencies = [
 "winapi-util",
]

[[package]]
name = "thiserror"
version = "2.0.18"
source = "registry+https://github.com/rust-lang/crates.io-index"
checksum = "4288b5bcbc7920c07a1149a35cf9590a2aa808e0bc1eafaade0b80947865fbc4"
dependencies = [
 "thiserror-impl",
]

[[package]]
name = "thiserror-impl"
version = "2.0.18"
source = "registry+https://github.com/rust-lang/crates.io-index"
checksum = "ebc4ee7f67670e9b64d05fa4253e753e016c6c95ff35b89b7941d6b856dec1d5"
dependencies = [
 "proc-macro2",
 "quote",
 "syn 2.0.119",
]

[[package]]
name = "typenum"
version = "1.20.1"
source = "registry+https://github.com/rust-lang/crates.io-index"
checksum = "b6f5e870be6c3b371b77fe0ee0bafb859fa4964b4404c27de1d380043c4dda20"

[[package]]
name = "unicode-ident"
version = "1.0.24"
source = "registry+https://github.com/rust-lang/crates.io-index"
checksum = "e6e4313cd5fcd3dad5cafa179702e2b244f760991f45397d14d4ebf38247da75"

[[package]]
name = "unicode-width"
version = "0.1.14"
source = "registry+https://github.com/rust-lang/crates.io-index"
checksum = "7dd6e30e90baa6f72411720665d41d89b9a3d039dc45b8faea1ddd07f617f6af"

[[package]]
name = "unicode-xid"
version = "0.2.6"
source = "registry+https://github.com/rust-lang/crates.io-index"
checksum = "ebc1c04c71510c7f702b52b7c350734c9ff1295c464a03335b00bb84fc54f853"

[[package]]
name = "vcell"
version = "0.1.3"
source = "registry+https://github.com/rust-lang/crates.io-index"
checksum = "77439c1b53d2303b20d9459b1ade71a83c716e3f9c34f3228c00e6f185d6c002"

[[package]]
name = "version_check"
version = "0.9.5"
source = "registry+https://github.com/rust-lang/crates.io-index"
checksum = "0b928f33d975fc6ad9f86c8f283853ad26bdd5b10b7f1542aa2fa15e2289105a"

[[package]]
name = "void"
version = "1.0.2"
source = "registry+https://github.com/rust-lang/crates.io-index"
checksum = "6a02e4885ed3bc0f2de90ea6dd45ebcbb66dacffe03547fadbb0eeae2770887d"

[[package]]
name = "volatile-register"
version = "0.2.2"
source = "registry+https://github.com/rust-lang/crates.io-index"
checksum = "de437e2a6208b014ab52972a27e59b33fa2920d3e00fe05026167a1c509d19cc"
dependencies = [
 "vcell",
]

[[package]]
name = "walkdir"
version = "2.5.0"
source = "registry+https://github.com/rust-lang/crates.io-index"
checksum = "29790946404f91d9c5d06f9874efddea1dc06c5efe94541a7d6863108e3a5e4b"
dependencies = [
 "same-file",
 "winapi-util",
]

[[package]]
name = "winapi-util"
version = "0.1.11"
source = "registry+https://github.com/rust-lang/crates.io-index"
checksum = "c2a7b1c03c876122aa43f3020e6c3c3ee5c05081c9a00739faf7503aeba10d22"
dependencies = [
 "windows-sys",
]

[[package]]
name = "windows-link"
version = "0.2.1"
source = "registry+https://github.com/rust-lang/crates.io-index"
checksum = "f0805222e57f7521d6a62e36fa9163bc891acd422f971defe97d64e70d0a4fe5"

[[package]]
name = "windows-sys"
version = "0.61.2"
source = "registry+https://github.com/rust-lang/crates.io-index"
checksum = "ae137229bcbd6cdf0f7b80a31df61766145077ddf49416a728b02cb3921ff3fc"
dependencies = [
 "windows-link",
]

[[package]]
name = "zerocopy"
version = "0.8.54"
source = "registry+https://github.com/rust-lang/crates.io-index"
checksum = "b7cbbc0a705a0fd05cc3676525980d2bf5a9bc4adac6d6475209a7887cf59d19"
dependencies = [
 "zerocopy-derive",
]

[[package]]
name = "zerocopy-derive"
version = "0.8.54"
source = "registry+https://github.com/rust-lang/crates.io-index"
checksum = "e2e817b7b52d0c7358d3246da9d69935ebb18116b2b102b4230dac079b4862f5"
dependencies = [
 "proc-macro2",
 "quote",
 "syn 2.0.119",
]
